// !$*UTF8*$!
{
	archiveVersion = 1;
	classes = {
	};
	objectVersion = 46;
	objects = {

/* Begin PBXBuildFile section */
		0007C2A01E9D047D00E9D3BA /* AppDelegate.swift in Sources */ = {isa = PBXBuildFile; fileRef = 0007C29F1E9D047D00E9D3BA /* AppDelegate.swift */; };
		0007C2A21E9D047D00E9D3BA /* ViewController.swift in Sources */ = {isa = PBXBuildFile; fileRef = 0007C2A11E9D047D00E9D3BA /* ViewController.swift */; };
		0007C2A51E9D047D00E9D3BA /* Main.storyboard in Resources */ = {isa = PBXBuildFile; fileRef = 0007C2A31E9D047D00E9D3BA /* Main.storyboard */; };
		0007C2A81E9D047D00E9D3BA /* Tirukkral.xcdatamodeld in Sources */ = {isa = PBXBuildFile; fileRef = 0007C2A61E9D047D00E9D3BA /* Tirukkral.xcdatamodeld */; };
		0007C2AA1E9D047D00E9D3BA /* Assets.xcassets in Resources */ = {isa = PBXBuildFile; fileRef = 0007C2A91E9D047D00E9D3BA /* Assets.xcassets */; };
		0007C2AD1E9D047D00E9D3BA /* LaunchScreen.storyboard in Resources */ = {isa = PBXBuildFile; fileRef = 0007C2AB1E9D047D00E9D3BA /* LaunchScreen.storyboard */; };
		0007C2B81E9D047E00E9D3BA /* TirukkralTests.swift in Sources */ = {isa = PBXBuildFile; fileRef = 0007C2B71E9D047E00E9D3BA /* TirukkralTests.swift */; };
		0007C2C31E9D047E00E9D3BA /* TirukkralUITests.swift in Sources */ = {isa = PBXBuildFile; fileRef = 0007C2C21E9D047E00E9D3BA /* TirukkralUITests.swift */; };
		0007C2D11E9D04B600E9D3BA /* tirukkural.json in Resources */ = {isa = PBXBuildFile; fileRef = 0007C2D01E9D04B600E9D3BA /* tirukkural.json */; };
		007323411EA4D8460011370E /* CoreDataManager.swift in Sources */ = {isa = PBXBuildFile; fileRef = 007323401EA4D8460011370E /* CoreDataManager.swift */; };
		0075CF551EA619C30035C1E4 /* ChaptersTableViewController.swift in Sources */ = {isa = PBXBuildFile; fileRef = 0075CF541EA619C30035C1E4 /* ChaptersTableViewController.swift */; };
		0075CF571EA61FFA0035C1E4 /* KuralsTableViewController.swift in Sources */ = {isa = PBXBuildFile; fileRef = 0075CF561EA61FFA0035C1E4 /* KuralsTableViewController.swift */; };
		0075CF591EA6233A0035C1E4 /* KuralTableViewCell.swift in Sources */ = {isa = PBXBuildFile; fileRef = 0075CF581EA6233A0035C1E4 /* KuralTableViewCell.swift */; };
		0075CF5D1EA635320035C1E4 /* KuralDetailTableViewController.swift in Sources */ = {isa = PBXBuildFile; fileRef = 0075CF5C1EA635320035C1E4 /* KuralDetailTableViewController.swift */; };
		0075CF5F1EA642EB0035C1E4 /* KuralDescriptionTableViewCell.swift in Sources */ = {isa = PBXBuildFile; fileRef = 0075CF5E1EA642EB0035C1E4 /* KuralDescriptionTableViewCell.swift */; };
		007D22271EA74158003F78C1 /* SearchViewController.swift in Sources */ = {isa = PBXBuildFile; fileRef = 007D22261EA74158003F78C1 /* SearchViewController.swift */; };
		00860E4D1EA4C3240078C063 /* Section.swift in Sources */ = {isa = PBXBuildFile; fileRef = 00860E471EA4C3240078C063 /* Section.swift */; };
		00860E4E1EA4C3240078C063 /* Section+CoreDataProperties.swift in Sources */ = {isa = PBXBuildFile; fileRef = 00860E481EA4C3240078C063 /* Section+CoreDataProperties.swift */; };
		00860E4F1EA4C3240078C063 /* Kural.swift in Sources */ = {isa = PBXBuildFile; fileRef = 00860E491EA4C3240078C063 /* Kural.swift */; };
		00860E501EA4C3240078C063 /* Kural+CoreDataProperties.swift in Sources */ = {isa = PBXBuildFile; fileRef = 00860E4A1EA4C3240078C063 /* Kural+CoreDataProperties.swift */; };
		00860E511EA4C3240078C063 /* Chapter.swift in Sources */ = {isa = PBXBuildFile; fileRef = 00860E4B1EA4C3240078C063 /* Chapter.swift */; };
		00860E521EA4C3240078C063 /* Chapter+CoreDataProperties.swift in Sources */ = {isa = PBXBuildFile; fileRef = 00860E4C1EA4C3240078C063 /* Chapter+CoreDataProperties.swift */; };
		00860E551EA4C9690078C063 /* CoreDataHelper.swift in Sources */ = {isa = PBXBuildFile; fileRef = 00860E541EA4C9690078C063 /* CoreDataHelper.swift */; };
		5230837C1FBB2A11009AFC8C /* FavourtiesKuralViewController.swift in Sources */ = {isa = PBXBuildFile; fileRef = 5230837B1FBB2A11009AFC8C /* FavourtiesKuralViewController.swift */; };
		529F98DC1FBBEC030026902C /* AuthorHeaderTableViewCell.swift in Sources */ = {isa = PBXBuildFile; fileRef = 529F98DB1FBBEC030026902C /* AuthorHeaderTableViewCell.swift */; };
		52E018471FBC35550026324D /* SearchChapterViewController.swift in Sources */ = {isa = PBXBuildFile; fileRef = 52E018461FBC35550026324D /* SearchChapterViewController.swift */; };
		52E0184A1FBC4F0A0026324D /* ChaptersCollectionViewCell.swift in Sources */ = {isa = PBXBuildFile; fileRef = 52E018491FBC4F0A0026324D /* ChaptersCollectionViewCell.swift */; };
		52FA98D61FBD9D610072AEC1 /* TwitterTimelineTableViewController.swift in Sources */ = {isa = PBXBuildFile; fileRef = 52FA98D51FBD9D610072AEC1 /* TwitterTimelineTableViewController.swift */; };
		938EC692B9ECE1FD453D5025 /* Pods_TirukkralTests.framework in Frameworks */ = {isa = PBXBuildFile; fileRef = 29225347C87CE1DDDAEBF965 /* Pods_TirukkralTests.framework */; };
		BBB9C80F29795C589930C248 /* Pods_Tirukkral.framework in Frameworks */ = {isa = PBXBuildFile; fileRef = D7E6745AE70A4E0091908CC7 /* Pods_Tirukkral.framework */; };
		F543CF4EE9C23BA7ADADB41B /* Pods_TirukkralUITests.framework in Frameworks */ = {isa = PBXBuildFile; fileRef = 166A6230ABF39933B34A13B6 /* Pods_TirukkralUITests.framework */; };
/* End PBXBuildFile section */

/* Begin PBXContainerItemProxy section */
		0007C2B41E9D047E00E9D3BA /* PBXContainerItemProxy */ = {
			isa = PBXContainerItemProxy;
			containerPortal = 0007C2941E9D047D00E9D3BA /* Project object */;
			proxyType = 1;
			remoteGlobalIDString = 0007C29B1E9D047D00E9D3BA;
			remoteInfo = Tirukkral;
		};
		0007C2BF1E9D047E00E9D3BA /* PBXContainerItemProxy */ = {
			isa = PBXContainerItemProxy;
			containerPortal = 0007C2941E9D047D00E9D3BA /* Project object */;
			proxyType = 1;
			remoteGlobalIDString = 0007C29B1E9D047D00E9D3BA;
			remoteInfo = Tirukkral;
		};
/* End PBXContainerItemProxy section */

/* Begin PBXFileReference section */
		0007C29C1E9D047D00E9D3BA /* Tirukkral.app */ = {isa = PBXFileReference; explicitFileType = wrapper.application; includeInIndex = 0; path = Tirukkral.app; sourceTree = BUILT_PRODUCTS_DIR; };
		0007C29F1E9D047D00E9D3BA /* AppDelegate.swift */ = {isa = PBXFileReference; lastKnownFileType = sourcecode.swift; path = AppDelegate.swift; sourceTree = "<group>"; };
		0007C2A11E9D047D00E9D3BA /* ViewController.swift */ = {isa = PBXFileReference; lastKnownFileType = sourcecode.swift; path = ViewController.swift; sourceTree = "<group>"; };
		0007C2A41E9D047D00E9D3BA /* Base */ = {isa = PBXFileReference; lastKnownFileType = file.storyboard; name = Base; path = Base.lproj/Main.storyboard; sourceTree = "<group>"; };
		0007C2A71E9D047D00E9D3BA /* Tirukkral.xcdatamodel */ = {isa = PBXFileReference; lastKnownFileType = wrapper.xcdatamodel; path = Tirukkral.xcdatamodel; sourceTree = "<group>"; };
		0007C2A91E9D047D00E9D3BA /* Assets.xcassets */ = {isa = PBXFileReference; lastKnownFileType = folder.assetcatalog; path = Assets.xcassets; sourceTree = "<group>"; };
		0007C2AC1E9D047D00E9D3BA /* Base */ = {isa = PBXFileReference; lastKnownFileType = file.storyboard; name = Base; path = Base.lproj/LaunchScreen.storyboard; sourceTree = "<group>"; };
		0007C2AE1E9D047D00E9D3BA /* Info.plist */ = {isa = PBXFileReference; lastKnownFileType = text.plist.xml; path = Info.plist; sourceTree = "<group>"; };
		0007C2B31E9D047E00E9D3BA /* TirukkralTests.xctest */ = {isa = PBXFileReference; explicitFileType = wrapper.cfbundle; includeInIndex = 0; path = TirukkralTests.xctest; sourceTree = BUILT_PRODUCTS_DIR; };
		0007C2B71E9D047E00E9D3BA /* TirukkralTests.swift */ = {isa = PBXFileReference; lastKnownFileType = sourcecode.swift; path = TirukkralTests.swift; sourceTree = "<group>"; };
		0007C2B91E9D047E00E9D3BA /* Info.plist */ = {isa = PBXFileReference; lastKnownFileType = text.plist.xml; path = Info.plist; sourceTree = "<group>"; };
		0007C2BE1E9D047E00E9D3BA /* TirukkralUITests.xctest */ = {isa = PBXFileReference; explicitFileType = wrapper.cfbundle; includeInIndex = 0; path = TirukkralUITests.xctest; sourceTree = BUILT_PRODUCTS_DIR; };
		0007C2C21E9D047E00E9D3BA /* TirukkralUITests.swift */ = {isa = PBXFileReference; lastKnownFileType = sourcecode.swift; path = TirukkralUITests.swift; sourceTree = "<group>"; };
		0007C2C41E9D047E00E9D3BA /* Info.plist */ = {isa = PBXFileReference; lastKnownFileType = text.plist.xml; path = Info.plist; sourceTree = "<group>"; };
		0007C2D01E9D04B600E9D3BA /* tirukkural.json */ = {isa = PBXFileReference; fileEncoding = 4; lastKnownFileType = text.json; path = tirukkural.json; sourceTree = "<group>"; };
		007323401EA4D8460011370E /* CoreDataManager.swift */ = {isa = PBXFileReference; fileEncoding = 4; lastKnownFileType = sourcecode.swift; name = CoreDataManager.swift; path = Tirukkral/CoreData/CoreDataManager.swift; sourceTree = "<group>"; };
		0075CF541EA619C30035C1E4 /* ChaptersTableViewController.swift */ = {isa = PBXFileReference; fileEncoding = 4; lastKnownFileType = sourcecode.swift; path = ChaptersTableViewController.swift; sourceTree = "<group>"; };
		0075CF561EA61FFA0035C1E4 /* KuralsTableViewController.swift */ = {isa = PBXFileReference; fileEncoding = 4; lastKnownFileType = sourcecode.swift; path = KuralsTableViewController.swift; sourceTree = "<group>"; };
		0075CF581EA6233A0035C1E4 /* KuralTableViewCell.swift */ = {isa = PBXFileReference; fileEncoding = 4; lastKnownFileType = sourcecode.swift; path = KuralTableViewCell.swift; sourceTree = "<group>"; };
		0075CF5C1EA635320035C1E4 /* KuralDetailTableViewController.swift */ = {isa = PBXFileReference; fileEncoding = 4; lastKnownFileType = sourcecode.swift; path = KuralDetailTableViewController.swift; sourceTree = "<group>"; };
		0075CF5E1EA642EB0035C1E4 /* KuralDescriptionTableViewCell.swift */ = {isa = PBXFileReference; fileEncoding = 4; lastKnownFileType = sourcecode.swift; path = KuralDescriptionTableViewCell.swift; sourceTree = "<group>"; };
		007D22261EA74158003F78C1 /* SearchViewController.swift */ = {isa = PBXFileReference; fileEncoding = 4; lastKnownFileType = sourcecode.swift; path = SearchViewController.swift; sourceTree = "<group>"; };
		00860E471EA4C3240078C063 /* Section.swift */ = {isa = PBXFileReference; fileEncoding = 4; lastKnownFileType = sourcecode.swift; name = Section.swift; path = Tirukkral/CoreData/Section.swift; sourceTree = "<group>"; };
		00860E481EA4C3240078C063 /* Section+CoreDataProperties.swift */ = {isa = PBXFileReference; fileEncoding = 4; lastKnownFileType = sourcecode.swift; name = "Section+CoreDataProperties.swift"; path = "Tirukkral/CoreData/Section+CoreDataProperties.swift"; sourceTree = "<group>"; };
		00860E491EA4C3240078C063 /* Kural.swift */ = {isa = PBXFileReference; fileEncoding = 4; lastKnownFileType = sourcecode.swift; name = Kural.swift; path = Tirukkral/CoreData/Kural.swift; sourceTree = "<group>"; };
		00860E4A1EA4C3240078C063 /* Kural+CoreDataProperties.swift */ = {isa = PBXFileReference; fileEncoding = 4; lastKnownFileType = sourcecode.swift; name = "Kural+CoreDataProperties.swift"; path = "Tirukkral/CoreData/Kural+CoreDataProperties.swift"; sourceTree = "<group>"; };
		00860E4B1EA4C3240078C063 /* Chapter.swift */ = {isa = PBXFileReference; fileEncoding = 4; lastKnownFileType = sourcecode.swift; name = Chapter.swift; path = Tirukkral/CoreData/Chapter.swift; sourceTree = "<group>"; };
		00860E4C1EA4C3240078C063 /* Chapter+CoreDataProperties.swift */ = {isa = PBXFileReference; fileEncoding = 4; lastKnownFileType = sourcecode.swift; name = "Chapter+CoreDataProperties.swift"; path = "Tirukkral/CoreData/Chapter+CoreDataProperties.swift"; sourceTree = "<group>"; };
		00860E541EA4C9690078C063 /* CoreDataHelper.swift */ = {isa = PBXFileReference; fileEncoding = 4; lastKnownFileType = sourcecode.swift; name = CoreDataHelper.swift; path = Tirukkral/CoreData/CoreDataHelper.swift; sourceTree = "<group>"; };
		166A6230ABF39933B34A13B6 /* Pods_TirukkralUITests.framework */ = {isa = PBXFileReference; explicitFileType = wrapper.framework; includeInIndex = 0; path = Pods_TirukkralUITests.framework; sourceTree = BUILT_PRODUCTS_DIR; };
		29225347C87CE1DDDAEBF965 /* Pods_TirukkralTests.framework */ = {isa = PBXFileReference; explicitFileType = wrapper.framework; includeInIndex = 0; path = Pods_TirukkralTests.framework; sourceTree = BUILT_PRODUCTS_DIR; };
		438F2642C9228550BDA3A636 /* Pods-TirukkralTests.debug.xcconfig */ = {isa = PBXFileReference; includeInIndex = 1; lastKnownFileType = text.xcconfig; name = "Pods-TirukkralTests.debug.xcconfig"; path = "Pods/Target Support Files/Pods-TirukkralTests/Pods-TirukkralTests.debug.xcconfig"; sourceTree = "<group>"; };
		5230837B1FBB2A11009AFC8C /* FavourtiesKuralViewController.swift */ = {isa = PBXFileReference; fileEncoding = 4; lastKnownFileType = sourcecode.swift; path = FavourtiesKuralViewController.swift; sourceTree = "<group>"; };
		529F98DB1FBBEC030026902C /* AuthorHeaderTableViewCell.swift */ = {isa = PBXFileReference; lastKnownFileType = sourcecode.swift; path = AuthorHeaderTableViewCell.swift; sourceTree = "<group>"; };
		52E018461FBC35550026324D /* SearchChapterViewController.swift */ = {isa = PBXFileReference; lastKnownFileType = sourcecode.swift; path = SearchChapterViewController.swift; sourceTree = "<group>"; };
		52E018491FBC4F0A0026324D /* ChaptersCollectionViewCell.swift */ = {isa = PBXFileReference; lastKnownFileType = sourcecode.swift; path = ChaptersCollectionViewCell.swift; sourceTree = "<group>"; };
		52FA98D51FBD9D610072AEC1 /* TwitterTimelineTableViewController.swift */ = {isa = PBXFileReference; lastKnownFileType = sourcecode.swift; path = TwitterTimelineTableViewController.swift; sourceTree = "<group>"; };
		5B8FC974996CF0546E0DBCB1 /* Pods-TirukkralUITests.release.xcconfig */ = {isa = PBXFileReference; includeInIndex = 1; lastKnownFileType = text.xcconfig; name = "Pods-TirukkralUITests.release.xcconfig"; path = "Pods/Target Support Files/Pods-TirukkralUITests/Pods-TirukkralUITests.release.xcconfig"; sourceTree = "<group>"; };
		5D8E8D1C0C7577EBCF5B92E6 /* Pods-Tirukkral.debug.xcconfig */ = {isa = PBXFileReference; includeInIndex = 1; lastKnownFileType = text.xcconfig; name = "Pods-Tirukkral.debug.xcconfig"; path = "Pods/Target Support Files/Pods-Tirukkral/Pods-Tirukkral.debug.xcconfig"; sourceTree = "<group>"; };
		BE0CB26DCBE66C8A01B96EA6 /* Pods-TirukkralTests.release.xcconfig */ = {isa = PBXFileReference; includeInIndex = 1; lastKnownFileType = text.xcconfig; name = "Pods-TirukkralTests.release.xcconfig"; path = "Pods/Target Support Files/Pods-TirukkralTests/Pods-TirukkralTests.release.xcconfig"; sourceTree = "<group>"; };
		C26AEC77E8947D844D7E946C /* Pods-TirukkralUITests.debug.xcconfig */ = {isa = PBXFileReference; includeInIndex = 1; lastKnownFileType = text.xcconfig; name = "Pods-TirukkralUITests.debug.xcconfig"; path = "Pods/Target Support Files/Pods-TirukkralUITests/Pods-TirukkralUITests.debug.xcconfig"; sourceTree = "<group>"; };
		D7E6745AE70A4E0091908CC7 /* Pods_Tirukkral.framework */ = {isa = PBXFileReference; explicitFileType = wrapper.framework; includeInIndex = 0; path = Pods_Tirukkral.framework; sourceTree = BUILT_PRODUCTS_DIR; };
		FC52E2CC662A782F202AFA30 /* Pods-Tirukkral.release.xcconfig */ = {isa = PBXFileReference; includeInIndex = 1; lastKnownFileType = text.xcconfig; name = "Pods-Tirukkral.release.xcconfig"; path = "Pods/Target Support Files/Pods-Tirukkral/Pods-Tirukkral.release.xcconfig"; sourceTree = "<group>"; };
/* End PBXFileReference section */

/* Begin PBXFrameworksBuildPhase section */
		0007C2991E9D047D00E9D3BA /* Frameworks */ = {
			isa = PBXFrameworksBuildPhase;
			buildActionMask = 2147483647;
			files = (
				BBB9C80F29795C589930C248 /* Pods_Tirukkral.framework in Frameworks */,
			);
			runOnlyForDeploymentPostprocessing = 0;
		};
		0007C2B01E9D047E00E9D3BA /* Frameworks */ = {
			isa = PBXFrameworksBuildPhase;
			buildActionMask = 2147483647;
			files = (
				938EC692B9ECE1FD453D5025 /* Pods_TirukkralTests.framework in Frameworks */,
			);
			runOnlyForDeploymentPostprocessing = 0;
		};
		0007C2BB1E9D047E00E9D3BA /* Frameworks */ = {
			isa = PBXFrameworksBuildPhase;
			buildActionMask = 2147483647;
			files = (
				F543CF4EE9C23BA7ADADB41B /* Pods_TirukkralUITests.framework in Frameworks */,
			);
			runOnlyForDeploymentPostprocessing = 0;
		};
/* End PBXFrameworksBuildPhase section */

/* Begin PBXGroup section */
		0007C2931E9D047D00E9D3BA = {
			isa = PBXGroup;
			children = (
				0007C29E1E9D047D00E9D3BA /* Tirukkral */,
				0007C2B61E9D047E00E9D3BA /* TirukkralTests */,
				0007C2C11E9D047E00E9D3BA /* TirukkralUITests */,
				0007C29D1E9D047D00E9D3BA /* Products */,
				037B575124D132804E97C0D5 /* Pods */,
				ED1CC663829BD7A93B2AE396 /* Frameworks */,
			);
			sourceTree = "<group>";
		};
		0007C29D1E9D047D00E9D3BA /* Products */ = {
			isa = PBXGroup;
			children = (
				0007C29C1E9D047D00E9D3BA /* Tirukkral.app */,
				0007C2B31E9D047E00E9D3BA /* TirukkralTests.xctest */,
				0007C2BE1E9D047E00E9D3BA /* TirukkralUITests.xctest */,
			);
			name = Products;
			sourceTree = "<group>";
		};
		0007C29E1E9D047D00E9D3BA /* Tirukkral */ = {
			isa = PBXGroup;
			children = (
				00860E531EA4C5C00078C063 /* CoreData */,
				0007C2D01E9D04B600E9D3BA /* tirukkural.json */,
				0007C29F1E9D047D00E9D3BA /* AppDelegate.swift */,
				0007C2A11E9D047D00E9D3BA /* ViewController.swift */,
				0075CF541EA619C30035C1E4 /* ChaptersTableViewController.swift */,
				0075CF561EA61FFA0035C1E4 /* KuralsTableViewController.swift */,
				0075CF5C1EA635320035C1E4 /* KuralDetailTableViewController.swift */,
				007D22261EA74158003F78C1 /* SearchViewController.swift */,
				52E018461FBC35550026324D /* SearchChapterViewController.swift */,
				0007C2A31E9D047D00E9D3BA /* Main.storyboard */,
				52FA98D51FBD9D610072AEC1 /* TwitterTimelineTableViewController.swift */,
				52E018491FBC4F0A0026324D /* ChaptersCollectionViewCell.swift */,
				5230837B1FBB2A11009AFC8C /* FavourtiesKuralViewController.swift */,
				0075CF581EA6233A0035C1E4 /* KuralTableViewCell.swift */,
				529F98DB1FBBEC030026902C /* AuthorHeaderTableViewCell.swift */,
				0075CF5E1EA642EB0035C1E4 /* KuralDescriptionTableViewCell.swift */,
				0007C2A91E9D047D00E9D3BA /* Assets.xcassets */,
				0007C2AB1E9D047D00E9D3BA /* LaunchScreen.storyboard */,
				0007C2AE1E9D047D00E9D3BA /* Info.plist */,
				0007C2A61E9D047D00E9D3BA /* Tirukkral.xcdatamodeld */,
			);
			path = Tirukkral;
			sourceTree = "<group>";
		};
		0007C2B61E9D047E00E9D3BA /* TirukkralTests */ = {
			isa = PBXGroup;
			children = (
				0007C2B71E9D047E00E9D3BA /* TirukkralTests.swift */,
				0007C2B91E9D047E00E9D3BA /* Info.plist */,
			);
			path = TirukkralTests;
			sourceTree = "<group>";
		};
		0007C2C11E9D047E00E9D3BA /* TirukkralUITests */ = {
			isa = PBXGroup;
			children = (
				0007C2C21E9D047E00E9D3BA /* TirukkralUITests.swift */,
				0007C2C41E9D047E00E9D3BA /* Info.plist */,
			);
			path = TirukkralUITests;
			sourceTree = "<group>";
		};
		00860E531EA4C5C00078C063 /* CoreData */ = {
			isa = PBXGroup;
			children = (
				00860E471EA4C3240078C063 /* Section.swift */,
				00860E481EA4C3240078C063 /* Section+CoreDataProperties.swift */,
				00860E491EA4C3240078C063 /* Kural.swift */,
				00860E4A1EA4C3240078C063 /* Kural+CoreDataProperties.swift */,
				00860E4B1EA4C3240078C063 /* Chapter.swift */,
				00860E4C1EA4C3240078C063 /* Chapter+CoreDataProperties.swift */,
				00860E541EA4C9690078C063 /* CoreDataHelper.swift */,
				007323401EA4D8460011370E /* CoreDataManager.swift */,
			);
			name = CoreData;
			path = ..;
			sourceTree = "<group>";
		};
		037B575124D132804E97C0D5 /* Pods */ = {
			isa = PBXGroup;
			children = (
				5D8E8D1C0C7577EBCF5B92E6 /* Pods-Tirukkral.debug.xcconfig */,
				FC52E2CC662A782F202AFA30 /* Pods-Tirukkral.release.xcconfig */,
				438F2642C9228550BDA3A636 /* Pods-TirukkralTests.debug.xcconfig */,
				BE0CB26DCBE66C8A01B96EA6 /* Pods-TirukkralTests.release.xcconfig */,
				C26AEC77E8947D844D7E946C /* Pods-TirukkralUITests.debug.xcconfig */,
				5B8FC974996CF0546E0DBCB1 /* Pods-TirukkralUITests.release.xcconfig */,
			);
			name = Pods;
			sourceTree = "<group>";
		};
		ED1CC663829BD7A93B2AE396 /* Frameworks */ = {
			isa = PBXGroup;
			children = (
				D7E6745AE70A4E0091908CC7 /* Pods_Tirukkral.framework */,
				29225347C87CE1DDDAEBF965 /* Pods_TirukkralTests.framework */,
				166A6230ABF39933B34A13B6 /* Pods_TirukkralUITests.framework */,
			);
			name = Frameworks;
			sourceTree = "<group>";
		};
/* End PBXGroup section */

/* Begin PBXNativeTarget section */
		0007C29B1E9D047D00E9D3BA /* Tirukkral */ = {
			isa = PBXNativeTarget;
			buildConfigurationList = 0007C2C71E9D047E00E9D3BA /* Build configuration list for PBXNativeTarget "Tirukkral" */;
			buildPhases = (
				C97DF4864108538115B2B62D /* [CP] Check Pods Manifest.lock */,
				0007C2981E9D047D00E9D3BA /* Sources */,
				0007C2991E9D047D00E9D3BA /* Frameworks */,
				0007C29A1E9D047D00E9D3BA /* Resources */,
				7274F91F515CAC54A51C18E6 /* [CP] Embed Pods Frameworks */,
				55CCC7F2CE7AA6A86BFE17B3 /* [CP] Copy Pods Resources */,
			);
			buildRules = (
			);
			dependencies = (
			);
			name = Tirukkral;
			productName = Tirukkral;
			productReference = 0007C29C1E9D047D00E9D3BA /* Tirukkral.app */;
			productType = "com.apple.product-type.application";
		};
		0007C2B21E9D047E00E9D3BA /* TirukkralTests */ = {
			isa = PBXNativeTarget;
			buildConfigurationList = 0007C2CA1E9D047E00E9D3BA /* Build configuration list for PBXNativeTarget "TirukkralTests" */;
			buildPhases = (
				CC2A66CBB571FC18B03B83CF /* [CP] Check Pods Manifest.lock */,
				0007C2AF1E9D047E00E9D3BA /* Sources */,
				0007C2B01E9D047E00E9D3BA /* Frameworks */,
				0007C2B11E9D047E00E9D3BA /* Resources */,
				EFC48B0135675F270AF20756 /* [CP] Embed Pods Frameworks */,
				354538D42D2C64DCC502891D /* [CP] Copy Pods Resources */,
			);
			buildRules = (
			);
			dependencies = (
				0007C2B51E9D047E00E9D3BA /* PBXTargetDependency */,
			);
			name = TirukkralTests;
			productName = TirukkralTests;
			productReference = 0007C2B31E9D047E00E9D3BA /* TirukkralTests.xctest */;
			productType = "com.apple.product-type.bundle.unit-test";
		};
		0007C2BD1E9D047E00E9D3BA /* TirukkralUITests */ = {
			isa = PBXNativeTarget;
			buildConfigurationList = 0007C2CD1E9D047E00E9D3BA /* Build configuration list for PBXNativeTarget "TirukkralUITests" */;
			buildPhases = (
				CE342727FB6CEE423B11E440 /* [CP] Check Pods Manifest.lock */,
				0007C2BA1E9D047E00E9D3BA /* Sources */,
				0007C2BB1E9D047E00E9D3BA /* Frameworks */,
				0007C2BC1E9D047E00E9D3BA /* Resources */,
				5DFEF3E2AB8BC19AB49F17E8 /* [CP] Embed Pods Frameworks */,
				C2EF7B9FD0FDAD2537BEE3A1 /* [CP] Copy Pods Resources */,
			);
			buildRules = (
			);
			dependencies = (
				0007C2C01E9D047E00E9D3BA /* PBXTargetDependency */,
			);
			name = TirukkralUITests;
			productName = TirukkralUITests;
			productReference = 0007C2BE1E9D047E00E9D3BA /* TirukkralUITests.xctest */;
			productType = "com.apple.product-type.bundle.ui-testing";
		};
/* End PBXNativeTarget section */

/* Begin PBXProject section */
		0007C2941E9D047D00E9D3BA /* Project object */ = {
			isa = PBXProject;
			attributes = {
				LastSwiftUpdateCheck = 0810;
				LastUpgradeCheck = 0810;
				ORGANIZATIONNAME = Mohan;
				TargetAttributes = {
					0007C29B1E9D047D00E9D3BA = {
						CreatedOnToolsVersion = 8.1;
						DevelopmentTeam = 5FPG8DNK7X;
						ProvisioningStyle = Automatic;
					};
					0007C2B21E9D047E00E9D3BA = {
						CreatedOnToolsVersion = 8.1;
						ProvisioningStyle = Automatic;
						TestTargetID = 0007C29B1E9D047D00E9D3BA;
					};
					0007C2BD1E9D047E00E9D3BA = {
						CreatedOnToolsVersion = 8.1;
						ProvisioningStyle = Automatic;
						TestTargetID = 0007C29B1E9D047D00E9D3BA;
					};
				};
			};
			buildConfigurationList = 0007C2971E9D047D00E9D3BA /* Build configuration list for PBXProject "Tirukkral" */;
			compatibilityVersion = "Xcode 3.2";
			developmentRegion = English;
			hasScannedForEncodings = 0;
			knownRegions = (
				en,
				Base,
			);
			mainGroup = 0007C2931E9D047D00E9D3BA;
			productRefGroup = 0007C29D1E9D047D00E9D3BA /* Products */;
			projectDirPath = "";
			projectRoot = "";
			targets = (
				0007C29B1E9D047D00E9D3BA /* Tirukkral */,
				0007C2B21E9D047E00E9D3BA /* TirukkralTests */,
				0007C2BD1E9D047E00E9D3BA /* TirukkralUITests */,
			);
		};
/* End PBXProject section */

/* Begin PBXResourcesBuildPhase section */
		0007C29A1E9D047D00E9D3BA /* Resources */ = {
			isa = PBXResourcesBuildPhase;
			buildActionMask = 2147483647;
			files = (
				0007C2AD1E9D047D00E9D3BA /* LaunchScreen.storyboard in Resources */,
				0007C2D11E9D04B600E9D3BA /* tirukkural.json in Resources */,
				0007C2AA1E9D047D00E9D3BA /* Assets.xcassets in Resources */,
				0007C2A51E9D047D00E9D3BA /* Main.storyboard in Resources */,
			);
			runOnlyForDeploymentPostprocessing = 0;
		};
		0007C2B11E9D047E00E9D3BA /* Resources */ = {
			isa = PBXResourcesBuildPhase;
			buildActionMask = 2147483647;
			files = (
			);
			runOnlyForDeploymentPostprocessing = 0;
		};
		0007C2BC1E9D047E00E9D3BA /* Resources */ = {
			isa = PBXResourcesBuildPhase;
			buildActionMask = 2147483647;
			files = (
			);
			runOnlyForDeploymentPostprocessing = 0;
		};
/* End PBXResourcesBuildPhase section */

/* Begin PBXShellScriptBuildPhase section */
		354538D42D2C64DCC502891D /* [CP] Copy Pods Resources */ = {
			isa = PBXShellScriptBuildPhase;
			buildActionMask = 2147483647;
			files = (
			);
			inputPaths = (
			);
			name = "[CP] Copy Pods Resources";
			outputPaths = (
			);
			runOnlyForDeploymentPostprocessing = 0;
			shellPath = /bin/sh;
			shellScript = "\"${SRCROOT}/Pods/Target Support Files/Pods-TirukkralTests/Pods-TirukkralTests-resources.sh\"\n";
			showEnvVarsInLog = 0;
		};
		55CCC7F2CE7AA6A86BFE17B3 /* [CP] Copy Pods Resources */ = {
			isa = PBXShellScriptBuildPhase;
			buildActionMask = 2147483647;
			files = (
			);
			inputPaths = (
				"${SRCROOT}/Pods/Target Support Files/Pods-Tirukkral/Pods-Tirukkral-resources.sh",
				"${PODS_ROOT}/TwitterKit/iOS/TwitterKit.framework/TwitterKitResources.bundle",
				"${PODS_ROOT}/TwitterKit/iOS/TwitterKit.framework/TwitterShareExtensionUIResources.bundle",
			);
			name = "[CP] Copy Pods Resources";
			outputPaths = (
				"${TARGET_BUILD_DIR}/${UNLOCALIZED_RESOURCES_FOLDER_PATH}",
			);
			runOnlyForDeploymentPostprocessing = 0;
			shellPath = /bin/sh;
			shellScript = "\"${SRCROOT}/Pods/Target Support Files/Pods-Tirukkral/Pods-Tirukkral-resources.sh\"\n";
			showEnvVarsInLog = 0;
		};
		5DFEF3E2AB8BC19AB49F17E8 /* [CP] Embed Pods Frameworks */ = {
			isa = PBXShellScriptBuildPhase;
			buildActionMask = 2147483647;
			files = (
			);
			inputPaths = (
			);
			name = "[CP] Embed Pods Frameworks";
			outputPaths = (
			);
			runOnlyForDeploymentPostprocessing = 0;
			shellPath = /bin/sh;
			shellScript = "\"${SRCROOT}/Pods/Target Support Files/Pods-TirukkralUITests/Pods-TirukkralUITests-frameworks.sh\"\n";
			showEnvVarsInLog = 0;
		};
		7274F91F515CAC54A51C18E6 /* [CP] Embed Pods Frameworks */ = {
			isa = PBXShellScriptBuildPhase;
			buildActionMask = 2147483647;
			files = (
			);
			inputPaths = (
				"${SRCROOT}/Pods/Target Support Files/Pods-Tirukkral/Pods-Tirukkral-frameworks.sh",
				"${BUILT_PRODUCTS_DIR}/SVProgressHUD/SVProgressHUD.framework",
			);
			name = "[CP] Embed Pods Frameworks";
			outputPaths = (
				"${TARGET_BUILD_DIR}/${FRAMEWORKS_FOLDER_PATH}/SVProgressHUD.framework",
			);
			runOnlyForDeploymentPostprocessing = 0;
			shellPath = /bin/sh;
			shellScript = "\"${SRCROOT}/Pods/Target Support Files/Pods-Tirukkral/Pods-Tirukkral-frameworks.sh\"\n";
			showEnvVarsInLog = 0;
		};
		C2EF7B9FD0FDAD2537BEE3A1 /* [CP] Copy Pods Resources */ = {
			isa = PBXShellScriptBuildPhase;
			buildActionMask = 2147483647;
			files = (
			);
			inputPaths = (
			);
			name = "[CP] Copy Pods Resources";
			outputPaths = (
			);
			runOnlyForDeploymentPostprocessing = 0;
			shellPath = /bin/sh;
			shellScript = "\"${SRCROOT}/Pods/Target Support Files/Pods-TirukkralUITests/Pods-TirukkralUITests-resources.sh\"\n";
			showEnvVarsInLog = 0;
		};
		C97DF4864108538115B2B62D /* [CP] Check Pods Manifest.lock */ = {
			isa = PBXShellScriptBuildPhase;
			buildActionMask = 2147483647;
			files = (
			);
			inputPaths = (
				"${PODS_PODFILE_DIR_PATH}/Podfile.lock",
				"${PODS_ROOT}/Manifest.lock",
			);
			name = "[CP] Check Pods Manifest.lock";
			outputPaths = (
				"$(DERIVED_FILE_DIR)/Pods-Tirukkral-checkManifestLockResult.txt",
			);
			runOnlyForDeploymentPostprocessing = 0;
			shellPath = /bin/sh;
			shellScript = "diff \"${PODS_PODFILE_DIR_PATH}/Podfile.lock\" \"${PODS_ROOT}/Manifest.lock\" > /dev/null\nif [ $? != 0 ] ; then\n    # print error to STDERR\n    echo \"error: The sandbox is not in sync with the Podfile.lock. Run 'pod install' or update your CocoaPods installation.\" >&2\n    exit 1\nfi\n# This output is used by Xcode 'outputs' to avoid re-running this script phase.\necho \"SUCCESS\" > \"${SCRIPT_OUTPUT_FILE_0}\"\n";
			showEnvVarsInLog = 0;
		};
		CC2A66CBB571FC18B03B83CF /* [CP] Check Pods Manifest.lock */ = {
			isa = PBXShellScriptBuildPhase;
			buildActionMask = 2147483647;
			files = (
			);
			inputPaths = (
				"${PODS_PODFILE_DIR_PATH}/Podfile.lock",
				"${PODS_ROOT}/Manifest.lock",
			);
			name = "[CP] Check Pods Manifest.lock";
			outputPaths = (
				"$(DERIVED_FILE_DIR)/Pods-TirukkralTests-checkManifestLockResult.txt",
			);
			runOnlyForDeploymentPostprocessing = 0;
			shellPath = /bin/sh;
			shellScript = "diff \"${PODS_PODFILE_DIR_PATH}/Podfile.lock\" \"${PODS_ROOT}/Manifest.lock\" > /dev/null\nif [ $? != 0 ] ; then\n    # print error to STDERR\n    echo \"error: The sandbox is not in sync with the Podfile.lock. Run 'pod install' or update your CocoaPods installation.\" >&2\n    exit 1\nfi\n# This output is used by Xcode 'outputs' to avoid re-running this script phase.\necho \"SUCCESS\" > \"${SCRIPT_OUTPUT_FILE_0}\"\n";
			showEnvVarsInLog = 0;
		};
		CE342727FB6CEE423B11E440 /* [CP] Check Pods Manifest.lock */ = {
			isa = PBXShellScriptBuildPhase;
			buildActionMask = 2147483647;
			files = (
			);
			inputPaths = (
				"${PODS_PODFILE_DIR_PATH}/Podfile.lock",
				"${PODS_ROOT}/Manifest.lock",
			);
			name = "[CP] Check Pods Manifest.lock";
			outputPaths = (
				"$(DERIVED_FILE_DIR)/Pods-TirukkralUITests-checkManifestLockResult.txt",
			);
			runOnlyForDeploymentPostprocessing = 0;
			shellPath = /bin/sh;
			shellScript = "diff \"${PODS_PODFILE_DIR_PATH}/Podfile.lock\" \"${PODS_ROOT}/Manifest.lock\" > /dev/null\nif [ $? != 0 ] ; then\n    # print error to STDERR\n    echo \"error: The sandbox is not in sync with the Podfile.lock. Run 'pod install' or update your CocoaPods installation.\" >&2\n    exit 1\nfi\n# This output is used by Xcode 'outputs' to avoid re-running this script phase.\necho \"SUCCESS\" > \"${SCRIPT_OUTPUT_FILE_0}\"\n";
			showEnvVarsInLog = 0;
		};
		EFC48B0135675F270AF20756 /* [CP] Embed Pods Frameworks */ = {
			isa = PBXShellScriptBuildPhase;
			buildActionMask = 2147483647;
			files = (
			);
			inputPaths = (
			);
			name = "[CP] Embed Pods Frameworks";
			outputPaths = (
			);
			runOnlyForDeploymentPostprocessing = 0;
			shellPath = /bin/sh;
			shellScript = "\"${SRCROOT}/Pods/Target Support Files/Pods-TirukkralTests/Pods-TirukkralTests-frameworks.sh\"\n";
			showEnvVarsInLog = 0;
		};
/* End PBXShellScriptBuildPhase section */

/* Begin PBXSourcesBuildPhase section */
		0007C2981E9D047D00E9D3BA /* Sources */ = {
			isa = PBXSourcesBuildPhase;
			buildActionMask = 2147483647;
			files = (
				529F98DC1FBBEC030026902C /* AuthorHeaderTableViewCell.swift in Sources */,
				00860E551EA4C9690078C063 /* CoreDataHelper.swift in Sources */,
				0007C2A81E9D047D00E9D3BA /* Tirukkral.xcdatamodeld in Sources */,
				00860E511EA4C3240078C063 /* Chapter.swift in Sources */,
				007D22271EA74158003F78C1 /* SearchViewController.swift in Sources */,
				5230837C1FBB2A11009AFC8C /* FavourtiesKuralViewController.swift in Sources */,
				00860E4E1EA4C3240078C063 /* Section+CoreDataProperties.swift in Sources */,
				0007C2A21E9D047D00E9D3BA /* ViewController.swift in Sources */,
				52FA98D61FBD9D610072AEC1 /* TwitterTimelineTableViewController.swift in Sources */,
				0075CF591EA6233A0035C1E4 /* KuralTableViewCell.swift in Sources */,
				00860E501EA4C3240078C063 /* Kural+CoreDataProperties.swift in Sources */,
				0075CF571EA61FFA0035C1E4 /* KuralsTableViewController.swift in Sources */,
				0075CF5D1EA635320035C1E4 /* KuralDetailTableViewController.swift in Sources */,
				00860E4F1EA4C3240078C063 /* Kural.swift in Sources */,
				0007C2A01E9D047D00E9D3BA /* AppDelegate.swift in Sources */,
				0075CF5F1EA642EB0035C1E4 /* KuralDescriptionTableViewCell.swift in Sources */,
				52E0184A1FBC4F0A0026324D /* ChaptersCollectionViewCell.swift in Sources */,
				00860E521EA4C3240078C063 /* Chapter+CoreDataProperties.swift in Sources */,
				52E018471FBC35550026324D /* SearchChapterViewController.swift in Sources */,
				00860E4D1EA4C3240078C063 /* Section.swift in Sources */,
				007323411EA4D8460011370E /* CoreDataManager.swift in Sources */,
				0075CF551EA619C30035C1E4 /* ChaptersTableViewController.swift in Sources */,
			);
			runOnlyForDeploymentPostprocessing = 0;
		};
		0007C2AF1E9D047E00E9D3BA /* Sources */ = {
			isa = PBXSourcesBuildPhase;
			buildActionMask = 2147483647;
			files = (
				0007C2B81E9D047E00E9D3BA /* TirukkralTests.swift in Sources */,
			);
			runOnlyForDeploymentPostprocessing = 0;
		};
		0007C2BA1E9D047E00E9D3BA /* Sources */ = {
			isa = PBXSourcesBuildPhase;
			buildActionMask = 2147483647;
			files = (
				0007C2C31E9D047E00E9D3BA /* TirukkralUITests.swift in Sources */,
			);
			runOnlyForDeploymentPostprocessing = 0;
		};
/* End PBXSourcesBuildPhase section */

/* Begin PBXTargetDependency section */
		0007C2B51E9D047E00E9D3BA /* PBXTargetDependency */ = {
			isa = PBXTargetDependency;
			target = 0007C29B1E9D047D00E9D3BA /* Tirukkral */;
			targetProxy = 0007C2B41E9D047E00E9D3BA /* PBXContainerItemProxy */;
		};
		0007C2C01E9D047E00E9D3BA /* PBXTargetDependency */ = {
			isa = PBXTargetDependency;
			target = 0007C29B1E9D047D00E9D3BA /* Tirukkral */;
			targetProxy = 0007C2BF1E9D047E00E9D3BA /* PBXContainerItemProxy */;
		};
/* End PBXTargetDependency section */

/* Begin PBXVariantGroup section */
		0007C2A31E9D047D00E9D3BA /* Main.storyboard */ = {
			isa = PBXVariantGroup;
			children = (
				0007C2A41E9D047D00E9D3BA /* Base */,
			);
			name = Main.storyboard;
			sourceTree = "<group>";
		};
		0007C2AB1E9D047D00E9D3BA /* LaunchScreen.storyboard */ = {
			isa = PBXVariantGroup;
			children = (
				0007C2AC1E9D047D00E9D3BA /* Base */,
			);
			name = LaunchScreen.storyboard;
			sourceTree = "<group>";
		};
/* End PBXVariantGroup section */

/* Begin XCBuildConfiguration section */
		0007C2C51E9D047E00E9D3BA /* Debug */ = {
			isa = XCBuildConfiguration;
			buildSettings = {
				ALWAYS_SEARCH_USER_PATHS = NO;
				CLANG_ANALYZER_NONNULL = YES;
				CLANG_CXX_LANGUAGE_STANDARD = "gnu++0x";
				CLANG_CXX_LIBRARY = "libc++";
				CLANG_ENABLE_MODULES = YES;
				CLANG_ENABLE_OBJC_ARC = YES;
				CLANG_WARN_BOOL_CONVERSION = YES;
				CLANG_WARN_CONSTANT_CONVERSION = YES;
				CLANG_WARN_DIRECT_OBJC_ISA_USAGE = YES_ERROR;
				CLANG_WARN_DOCUMENTATION_COMMENTS = YES;
				CLANG_WARN_EMPTY_BODY = YES;
				CLANG_WARN_ENUM_CONVERSION = YES;
				CLANG_WARN_INFINITE_RECURSION = YES;
				CLANG_WARN_INT_CONVERSION = YES;
				CLANG_WARN_OBJC_ROOT_CLASS = YES_ERROR;
				CLANG_WARN_SUSPICIOUS_MOVES = YES;
				CLANG_WARN_UNREACHABLE_CODE = YES;
				CLANG_WARN__DUPLICATE_METHOD_MATCH = YES;
				"CODE_SIGN_IDENTITY[sdk=iphoneos*]" = "iPhone Developer";
				COPY_PHASE_STRIP = NO;
				DEBUG_INFORMATION_FORMAT = dwarf;
				ENABLE_STRICT_OBJC_MSGSEND = YES;
				ENABLE_TESTABILITY = YES;
				GCC_C_LANGUAGE_STANDARD = gnu99;
				GCC_DYNAMIC_NO_PIC = NO;
				GCC_NO_COMMON_BLOCKS = YES;
				GCC_OPTIMIZATION_LEVEL = 0;
				GCC_PREPROCESSOR_DEFINITIONS = (
					"DEBUG=1",
					"$(inherited)",
				);
				GCC_WARN_64_TO_32_BIT_CONVERSION = YES;
				GCC_WARN_ABOUT_RETURN_TYPE = YES_ERROR;
				GCC_WARN_UNDECLARED_SELECTOR = YES;
				GCC_WARN_UNINITIALIZED_AUTOS = YES_AGGRESSIVE;
				GCC_WARN_UNUSED_FUNCTION = YES;
				GCC_WARN_UNUSED_VARIABLE = YES;
				IPHONEOS_DEPLOYMENT_TARGET = 10.1;
				MTL_ENABLE_DEBUG_INFO = YES;
				ONLY_ACTIVE_ARCH = YES;
				SDKROOT = iphoneos;
				SWIFT_ACTIVE_COMPILATION_CONDITIONS = DEBUG;
				SWIFT_OPTIMIZATION_LEVEL = "-Onone";
				TARGETED_DEVICE_FAMILY = "1,2";
			};
			name = Debug;
		};
		0007C2C61E9D047E00E9D3BA /* Release */ = {
			isa = XCBuildConfiguration;
			buildSettings = {
				ALWAYS_SEARCH_USER_PATHS = NO;
				CLANG_ANALYZER_NONNULL = YES;
				CLANG_CXX_LANGUAGE_STANDARD = "gnu++0x";
				CLANG_CXX_LIBRARY = "libc++";
				CLANG_ENABLE_MODULES = YES;
				CLANG_ENABLE_OBJC_ARC = YES;
				CLANG_WARN_BOOL_CONVERSION = YES;
				CLANG_WARN_CONSTANT_CONVERSION = YES;
				CLANG_WARN_DIRECT_OBJC_ISA_USAGE = YES_ERROR;
				CLANG_WARN_DOCUMENTATION_COMMENTS = YES;
				CLANG_WARN_EMPTY_BODY = YES;
				CLANG_WARN_ENUM_CONVERSION = YES;
				CLANG_WARN_INFINITE_RECURSION = YES;
				CLANG_WARN_INT_CONVERSION = YES;
				CLANG_WARN_OBJC_ROOT_CLASS = YES_ERROR;
				CLANG_WARN_SUSPICIOUS_MOVES = YES;
				CLANG_WARN_UNREACHABLE_CODE = YES;
				CLANG_WARN__DUPLICATE_METHOD_MATCH = YES;
				"CODE_SIGN_IDENTITY[sdk=iphoneos*]" = "iPhone Developer";
				COPY_PHASE_STRIP = NO;
				DEBUG_INFORMATION_FORMAT = "dwarf-with-dsym";
				ENABLE_NS_ASSERTIONS = NO;
				ENABLE_STRICT_OBJC_MSGSEND = YES;
				GCC_C_LANGUAGE_STANDARD = gnu99;
				GCC_NO_COMMON_BLOCKS = YES;
				GCC_WARN_64_TO_32_BIT_CONVERSION = YES;
				GCC_WARN_ABOUT_RETURN_TYPE = YES_ERROR;
				GCC_WARN_UNDECLARED_SELECTOR = YES;
				GCC_WARN_UNINITIALIZED_AUTOS = YES_AGGRESSIVE;
				GCC_WARN_UNUSED_FUNCTION = YES;
				GCC_WARN_UNUSED_VARIABLE = YES;
				IPHONEOS_DEPLOYMENT_TARGET = 10.1;
				MTL_ENABLE_DEBUG_INFO = NO;
				SDKROOT = iphoneos;
				SWIFT_OPTIMIZATION_LEVEL = "-Owholemodule";
				TARGETED_DEVICE_FAMILY = "1,2";
				VALIDATE_PRODUCT = YES;
			};
			name = Release;
		};
		0007C2C81E9D047E00E9D3BA /* Debug */ = {
			isa = XCBuildConfiguration;
			baseConfigurationReference = 5D8E8D1C0C7577EBCF5B92E6 /* Pods-Tirukkral.debug.xcconfig */;
			buildSettings = {
				ASSETCATALOG_COMPILER_APPICON_NAME = AppIcon;
				DEVELOPMENT_TEAM = 5FPG8DNK7X;
				INFOPLIST_FILE = Tirukkral/Info.plist;
				LD_RUNPATH_SEARCH_PATHS = "$(inherited) @executable_path/Frameworks";
				PRODUCT_BUNDLE_IDENTIFIER = Mohankumar.Tirukkral;
				PRODUCT_NAME = "$(TARGET_NAME)";
				SWIFT_VERSION = 3.0;
			};
			name = Debug;
		};
		0007C2C91E9D047E00E9D3BA /* Release */ = {
			isa = XCBuildConfiguration;
			baseConfigurationReference = FC52E2CC662A782F202AFA30 /* Pods-Tirukkral.release.xcconfig */;
			buildSettings = {
				ASSETCATALOG_COMPILER_APPICON_NAME = AppIcon;
				DEVELOPMENT_TEAM = 5FPG8DNK7X;
				INFOPLIST_FILE = Tirukkral/Info.plist;
				LD_RUNPATH_SEARCH_PATHS = "$(inherited) @executable_path/Frameworks";
				PRODUCT_BUNDLE_IDENTIFIER = Mohankumar.Tirukkral;
				PRODUCT_NAME = "$(TARGET_NAME)";
				SWIFT_VERSION = 3.0;
			};
			name = Release;
		};
		0007C2CB1E9D047E00E9D3BA /* Debug */ = {
			isa = XCBuildConfiguration;
			baseConfigurationReference = 438F2642C9228550BDA3A636 /* Pods-TirukkralTests.debug.xcconfig */;
			buildSettings = {
				ALWAYS_EMBED_SWIFT_STANDARD_LIBRARIES = YES;
				BUNDLE_LOADER = "$(TEST_HOST)";
				INFOPLIST_FILE = TirukkralTests/Info.plist;
				LD_RUNPATH_SEARCH_PATHS = "$(inherited) @executable_path/Frameworks @loader_path/Frameworks";
				PRODUCT_BUNDLE_IDENTIFIER = Mohankumar.TirukkralTests;
				PRODUCT_NAME = "$(TARGET_NAME)";
				SWIFT_VERSION = 3.0;
				TEST_HOST = "$(BUILT_PRODUCTS_DIR)/Tirukkral.app/Tirukkral";
			};
			name = Debug;
		};
		0007C2CC1E9D047E00E9D3BA /* Release */ = {
			isa = XCBuildConfiguration;
			baseConfigurationReference = BE0CB26DCBE66C8A01B96EA6 /* Pods-TirukkralTests.release.xcconfig */;
			buildSettings = {
				ALWAYS_EMBED_SWIFT_STANDARD_LIBRARIES = YES;
				BUNDLE_LOADER = "$(TEST_HOST)";
				INFOPLIST_FILE = TirukkralTests/Info.plist;
				LD_RUNPATH_SEARCH_PATHS = "$(inherited) @executable_path/Frameworks @loader_path/Frameworks";
				PRODUCT_BUNDLE_IDENTIFIER = Mohankumar.TirukkralTests;
				PRODUCT_NAME = "$(TARGET_NAME)";
				SWIFT_VERSION = 3.0;
				TEST_HOST = "$(BUILT_PRODUCTS_DIR)/Tirukkral.app/Tirukkral";
			};
			name = Release;
		};
		0007C2CE1E9D047E00E9D3BA /* Debug */ = {
			isa = XCBuildConfiguration;
			baseConfigurationReference = C26AEC77E8947D844D7E946C /* Pods-TirukkralUITests.debug.xcconfig */;
			buildSettings = {
				ALWAYS_EMBED_SWIFT_STANDARD_LIBRARIES = YES;
				INFOPLIST_FILE = TirukkralUITests/Info.plist;
				LD_RUNPATH_SEARCH_PATHS = "$(inherited) @executable_path/Frameworks @loader_path/Frameworks";
				PRODUCT_BUNDLE_IDENTIFIER = Mohankumar.TirukkralUITests;
				PRODUCT_NAME = "$(TARGET_NAME)";
				SWIFT_VERSION = 3.0;
				TEST_TARGET_NAME = Tirukkral;
			};
			name = Debug;
		};
		0007C2CF1E9D047E00E9D3BA /* Release */ = {
			isa = XCBuildConfiguration;
			baseConfigurationReference = 5B8FC974996CF0546E0DBCB1 /* Pods-TirukkralUITests.release.xcconfig */;
			buildSettings = {
				ALWAYS_EMBED_SWIFT_STANDARD_LIBRARIES = YES;
				INFOPLIST_FILE = TirukkralUITests/Info.plist;
				LD_RUNPATH_SEARCH_PATHS = "$(inherited) @executable_path/Frameworks @loader_path/Frameworks";
				PRODUCT_BUNDLE_IDENTIFIER = Mohankumar.TirukkralUITests;
				PRODUCT_NAME = "$(TARGET_NAME)";
				SWIFT_VERSION = 3.0;
				TEST_TARGET_NAME = Tirukkral;
			};
			name = Release;
		};
/* End XCBuildConfiguration section */

/* Begin XCConfigurationList section */
		0007C2971E9D047D00E9D3BA /* Build configuration list for PBXProject "Tirukkral" */ = {
			isa = XCConfigurationList;
			buildConfigurations = (
				0007C2C51E9D047E00E9D3BA /* Debug */,
				0007C2C61E9D047E00E9D3BA /* Release */,
			);
			defaultConfigurationIsVisible = 0;
			defaultConfigurationName = Release;
		};
		0007C2C71E9D047E00E9D3BA /* Build configuration list for PBXNativeTarget "Tirukkral" */ = {
			isa = XCConfigurationList;
			buildConfigurations = (
				0007C2C81E9D047E00E9D3BA /* Debug */,
				0007C2C91E9D047E00E9D3BA /* Release */,
			);
			defaultConfigurationIsVisible = 0;
			defaultConfigurationName = Release;
		};
		0007C2CA1E9D047E00E9D3BA /* Build configuration list for PBXNativeTarget "TirukkralTests" */ = {
			isa = XCConfigurationList;
			buildConfigurations = (
				0007C2CB1E9D047E00E9D3BA /* Debug */,
				0007C2CC1E9D047E00E9D3BA /* Release */,
			);
			defaultConfigurationIsVisible = 0;
			defaultConfigurationName = Release;
		};
		0007C2CD1E9D047E00E9D3BA /* Build configuration list for PBXNativeTarget "TirukkralUITests" */ = {
			isa = XCConfigurationList;
			buildConfigurations = (
				0007C2CE1E9D047E00E9D3BA /* Debug */,
				0007C2CF1E9D047E00E9D3BA /* Release */,
			);
			defaultConfigurationIsVisible = 0;
			defaultConfigurationName = Release;
		};
/* End XCConfigurationList section */

/* Begin XCVersionGroup section */
		0007C2A61E9D047D00E9D3BA /* Tirukkral.xcdatamodeld */ = {
			isa = XCVersionGroup;
			children = (
				0007C2A71E9D047D00E9D3BA /* Tirukkral.xcdatamodel */,
			);
			currentVersion = 0007C2A71E9D047D00E9D3BA /* Tirukkral.xcdatamodel */;
			path = Tirukkral.xcdatamodeld;
			sourceTree = "<group>";
			versionGroupType = wrapper.xcdatamodel;
		};
/* End XCVersionGroup section */
	};
	rootObject = 0007C2941E9D047D00E9D3BA /* Project object */;
}
